// !$*UTF8*$!
{
	archiveVersion = 1;
	classes = {
	};
	objectVersion = 46;
	objects = {

/* Begin PBXBuildFile section */
		D2B4C6E81BE1CD6E00825938 /* AppDelegate.swift in Sources */ = {isa = PBXBuildFile; fileRef = D2B4C6E71BE1CD6E00825938 /* AppDelegate.swift */; };
		D2B4C6EA1BE1CD6E00825938 /* ViewController.swift in Sources */ = {isa = PBXBuildFile; fileRef = D2B4C6E91BE1CD6E00825938 /* ViewController.swift */; };
		D2B4C6ED1BE1CD6E00825938 /* Main.storyboard in Resources */ = {isa = PBXBuildFile; fileRef = D2B4C6EB1BE1CD6E00825938 /* Main.storyboard */; };
		D2B4C6EF1BE1CD6E00825938 /* Images.xcassets in Resources */ = {isa = PBXBuildFile; fileRef = D2B4C6EE1BE1CD6E00825938 /* Images.xcassets */; };
		D2B4C6F21BE1CD6E00825938 /* LaunchScreen.xib in Resources */ = {isa = PBXBuildFile; fileRef = D2B4C6F01BE1CD6E00825938 /* LaunchScreen.xib */; };
		D2B4C6FE1BE1CD6F00825938 /* Control_FunTests.swift in Sources */ = {isa = PBXBuildFile; fileRef = D2B4C6FD1BE1CD6F00825938 /* Control_FunTests.swift */; };
/* End PBXBuildFile section */

/* Begin PBXContainerItemProxy section */
		D2B4C6F81BE1CD6E00825938 /* PBXContainerItemProxy */ = {
			isa = PBXContainerItemProxy;
			containerPortal = D2B4C6DA1BE1CD6E00825938 /* Project object */;
			proxyType = 1;
			remoteGlobalIDString = D2B4C6E11BE1CD6E00825938;
			remoteInfo = "Control Fun";
		};
/* End PBXContainerItemProxy section */

/* Begin PBXFileReference section */
		D2B4C6E21BE1CD6E00825938 /* Control Fun.app */ = {isa = PBXFileReference; explicitFileType = wrapper.application; includeInIndex = 0; path = "Control Fun.app"; sourceTree = BUILT_PRODUCTS_DIR; };
		D2B4C6E61BE1CD6E00825938 /* Info.plist */ = {isa = PBXFileReference; lastKnownFileType = text.plist.xml; path = Info.plist; sourceTree = "<group>"; };
		D2B4C6E71BE1CD6E00825938 /* AppDelegate.swift */ = {isa = PBXFileReference; lastKnownFileType = sourcecode.swift; path = AppDelegate.swift; sourceTree = "<group>"; };
		D2B4C6E91BE1CD6E00825938 /* ViewController.swift */ = {isa = PBXFileReference; lastKnownFileType = sourcecode.swift; path = ViewController.swift; sourceTree = "<group>"; };
		D2B4C6EC1BE1CD6E00825938 /* Base */ = {isa = PBXFileReference; lastKnownFileType = file.storyboard; name = Base; path = Base.lproj/Main.storyboard; sourceTree = "<group>"; };
		D2B4C6EE1BE1CD6E00825938 /* Images.xcassets */ = {isa = PBXFileReference; lastKnownFileType = folder.assetcatalog; path = Images.xcassets; sourceTree = "<group>"; };
		D2B4C6F11BE1CD6E00825938 /* Base */ = {isa = PBXFileReference; lastKnownFileType = file.xib; name = Base; path = Base.lproj/LaunchScreen.xib; sourceTree = "<group>"; };
		D2B4C6F71BE1CD6E00825938 /* Control FunTests.xctest */ = {isa = PBXFileReference; explicitFileType = wrapper.cfbundle; includeInIndex = 0; path = "Control FunTests.xctest"; sourceTree = BUILT_PRODUCTS_DIR; };
		D2B4C6FC1BE1CD6F00825938 /* Info.plist */ = {isa = PBXFileReference; lastKnownFileType = text.plist.xml; path = Info.plist; sourceTree = "<group>"; };
		D2B4C6FD1BE1CD6F00825938 /* Control_FunTests.swift */ = {isa = PBXFileReference; lastKnownFileType = sourcecode.swift; path = Control_FunTests.swift; sourceTree = "<group>"; };
/* End PBXFileReference section */

/* Begin PBXFrameworksBuildPhase section */
		D2B4C6DF1BE1CD6E00825938 /* Frameworks */ = {
			isa = PBXFrameworksBuildPhase;
			buildActionMask = 2147483647;
			files = (
			);
			runOnlyForDeploymentPostprocessing = 0;
		};
		D2B4C6F41BE1CD6E00825938 /* Frameworks */ = {
			isa = PBXFrameworksBuildPhase;
			buildActionMask = 2147483647;
			files = (
			);
			runOnlyForDeploymentPostprocessing = 0;
		};
/* End PBXFrameworksBuildPhase section */

/* Begin PBXGroup section */
		D2B4C6D91BE1CD6E00825938 = {
			isa = PBXGroup;
			children = (
				D2B4C6E41BE1CD6E00825938 /* Control Fun */,
				D2B4C6FA1BE1CD6E00825938 /* Control FunTests */,
				D2B4C6E31BE1CD6E00825938 /* Products */,
			);
			sourceTree = "<group>";
		};
		D2B4C6E31BE1CD6E00825938 /* Products */ = {
			isa = PBXGroup;
			children = (
				D2B4C6E21BE1CD6E00825938 /* Control Fun.app */,
				D2B4C6F71BE1CD6E00825938 /* Control FunTests.xctest */,
			);
			name = Products;
			sourceTree = "<group>";
		};
		D2B4C6E41BE1CD6E00825938 /* Control Fun */ = {
			isa = PBXGroup;
			children = (
				D2B4C6E71BE1CD6E00825938 /* AppDelegate.swift */,
				D2B4C6E91BE1CD6E00825938 /* ViewController.swift */,
				D2B4C6EB1BE1CD6E00825938 /* Main.storyboard */,
				D2B4C6EE1BE1CD6E00825938 /* Images.xcassets */,
				D2B4C6F01BE1CD6E00825938 /* LaunchScreen.xib */,
				D2B4C6E51BE1CD6E00825938 /* Supporting Files */,
			);
			path = "Control Fun";
			sourceTree = "<group>";
		};
		D2B4C6E51BE1CD6E00825938 /* Supporting Files */ = {
			isa = PBXGroup;
			children = (
				D2B4C6E61BE1CD6E00825938 /* Info.plist */,
			);
			name = "Supporting Files";
			sourceTree = "<group>";
		};
		D2B4C6FA1BE1CD6E00825938 /* Control FunTests */ = {
			isa = PBXGroup;
			children = (
				D2B4C6FD1BE1CD6F00825938 /* Control_FunTests.swift */,
				D2B4C6FB1BE1CD6F00825938 /* Supporting Files */,
			);
			path = "Control FunTests";
			sourceTree = "<group>";
		};
		D2B4C6FB1BE1CD6F00825938 /* Supporting Files */ = {
			isa = PBXGroup;
			children = (
				D2B4C6FC1BE1CD6F00825938 /* Info.plist */,
			);
			name = "Supporting Files";
			sourceTree = "<group>";
		};
/* End PBXGroup section */

/* Begin PBXNativeTarget section */
		D2B4C6E11BE1CD6E00825938 /* Control Fun */ = {
			isa = PBXNativeTarget;
			buildConfigurationList = D2B4C7011BE1CD6F00825938 /* Build configuration list for PBXNativeTarget "Control Fun" */;
			buildPhases = (
				D2B4C6DE1BE1CD6E00825938 /* Sources */,
				D2B4C6DF1BE1CD6E00825938 /* Frameworks */,
				D2B4C6E01BE1CD6E00825938 /* Resources */,
			);
			buildRules = (
			);
			dependencies = (
			);
			name = "Control Fun";
			productName = "Control Fun";
			productReference = D2B4C6E21BE1CD6E00825938 /* Control Fun.app */;
			productType = "com.apple.product-type.application";
		};
		D2B4C6F61BE1CD6E00825938 /* Control FunTests */ = {
			isa = PBXNativeTarget;
			buildConfigurationList = D2B4C7041BE1CD6F00825938 /* Build configuration list for PBXNativeTarget "Control FunTests" */;
			buildPhases = (
				D2B4C6F31BE1CD6E00825938 /* Sources */,
				D2B4C6F41BE1CD6E00825938 /* Frameworks */,
				D2B4C6F51BE1CD6E00825938 /* Resources */,
			);
			buildRules = (
			);
			dependencies = (
				D2B4C6F91BE1CD6E00825938 /* PBXTargetDependency */,
			);
			name = "Control FunTests";
			productName = "Control FunTests";
			productReference = D2B4C6F71BE1CD6E00825938 /* Control FunTests.xctest */;
			productType = "com.apple.product-type.bundle.unit-test";
		};
/* End PBXNativeTarget section */

/* Begin PBXProject section */
		D2B4C6DA1BE1CD6E00825938 /* Project object */ = {
			isa = PBXProject;
			attributes = {
				LastUpgradeCheck = 0640;
				ORGANIZATIONNAME = EsquireAtLarge;
				TargetAttributes = {
					D2B4C6E11BE1CD6E00825938 = {
						CreatedOnToolsVersion = 6.4;
					};
					D2B4C6F61BE1CD6E00825938 = {
						CreatedOnToolsVersion = 6.4;
						TestTargetID = D2B4C6E11BE1CD6E00825938;
					};
				};
			};
			buildConfigurationList = D2B4C6DD1BE1CD6E00825938 /* Build configuration list for PBXProject "Control Fun" */;
			compatibilityVersion = "Xcode 3.2";
			developmentRegion = English;
			hasScannedForEncodings = 0;
			knownRegions = (
				en,
				Base,
			);
			mainGroup = D2B4C6D91BE1CD6E00825938;
			productRefGroup = D2B4C6E31BE1CD6E00825938 /* Products */;
			projectDirPath = "";
			projectRoot = "";
			targets = (
				D2B4C6E11BE1CD6E00825938 /* Control Fun */,
				D2B4C6F61BE1CD6E00825938 /* Control FunTests */,
			);
		};
/* End PBXProject section */

/* Begin PBXResourcesBuildPhase section */
		D2B4C6E01BE1CD6E00825938 /* Resources */ = {
			isa = PBXResourcesBuildPhase;
			buildActionMask = 2147483647;
			files = (
				D2B4C6ED1BE1CD6E00825938 /* Main.storyboard in Resources */,
				D2B4C6F21BE1CD6E00825938 /* LaunchScreen.xib in Resources */,
				D2B4C6EF1BE1CD6E00825938 /* Images.xcassets in Resources */,
			);
			runOnlyForDeploymentPostprocessing = 0;
		};
		D2B4C6F51BE1CD6E00825938 /* Resources */ = {
			isa = PBXResourcesBuildPhase;
			buildActionMask = 2147483647;
			files = (
			);
			runOnlyForDeploymentPostprocessing = 0;
		};
/* End PBXResourcesBuildPhase section */

/* Begin PBXSourcesBuildPhase section */
		D2B4C6DE1BE1CD6E00825938 /* Sources */ = {
			isa = PBXSourcesBuildPhase;
			buildActionMask = 2147483647;
			files = (
				D2B4C6EA1BE1CD6E00825938 /* ViewController.swift in Sources */,
				D2B4C6E81BE1CD6E00825938 /* AppDelegate.swift in Sources */,
			);
			runOnlyForDeploymentPostprocessing = 0;
		};
		D2B4C6F31BE1CD6E00825938 /* Sources */ = {
			isa = PBXSourcesBuildPhase;
			buildActionMask = 2147483647;
			files = (
				D2B4C6FE1BE1CD6F00825938 /* Control_FunTests.swift in Sources */,
			);
			runOnlyForDeploymentPostprocessing = 0;
		};
/* End PBXSourcesBuildPhase section */

/* Begin PBXTargetDependency section */
		D2B4C6F91BE1CD6E00825938 /* PBXTargetDependency */ = {
			isa = PBXTargetDependency;
			target = D2B4C6E11BE1CD6E00825938 /* Control Fun */;
			targetProxy = D2B4C6F81BE1CD6E00825938 /* PBXContainerItemProxy */;
		};
/* End PBXTargetDependency section */

/* Begin PBXVariantGroup section */
		D2B4C6EB1BE1CD6E00825938 /* Main.storyboard */ = {
			isa = PBXVariantGroup;
			children = (
				D2B4C6EC1BE1CD6E00825938 /* Base */,
			);
			name = Main.storyboard;
			sourceTree = "<group>";
		};
		D2B4C6F01BE1CD6E00825938 /* LaunchScreen.xib */ = {
			isa = PBXVariantGroup;
			children = (
				D2B4C6F11BE1CD6E00825938 /* Base */,
			);
			name = LaunchScreen.xib;
			sourceTree = "<group>";
		};
/* End PBXVariantGroup section */

/* Begin XCBuildConfiguration section */
		D2B4C6FF1BE1CD6F00825938 /* Debug */ = {
			isa = XCBuildConfiguration;
			buildSettings = {
				ALWAYS_SEARCH_USER_PATHS = NO;
				CLANG_CXX_LANGUAGE_STANDARD = "gnu++0x";
				CLANG_CXX_LIBRARY = "libc++";
				CLANG_ENABLE_MODULES = YES;
				CLANG_ENABLE_OBJC_ARC = YES;
				CLANG_WARN_BOOL_CONVERSION = YES;
				CLANG_WARN_CONSTANT_CONVERSION = YES;
				CLANG_WARN_DIRECT_OBJC_ISA_USAGE = YES_ERROR;
				CLANG_WARN_EMPTY_BODY = YES;
				CLANG_WARN_ENUM_CONVERSION = YES;
				CLANG_WARN_INT_CONVERSION = YES;
				CLANG_WARN_OBJC_ROOT_CLASS = YES_ERROR;
				CLANG_WARN_UNREACHABLE_CODE = YES;
				CLANG_WARN__DUPLICATE_METHOD_MATCH = YES;
				"CODE_SIGN_IDENTITY[sdk=iphoneos*]" = "iPhone Developer";
				COPY_PHASE_STRIP = NO;
				DEBUG_INFORMATION_FORMAT = "dwarf-with-dsym";
				ENABLE_STRICT_OBJC_MSGSEND = YES;
				GCC_C_LANGUAGE_STANDARD = gnu99;
				GCC_DYNAMIC_NO_PIC = NO;
				GCC_NO_COMMON_BLOCKS = YES;
				GCC_OPTIMIZATION_LEVEL = 0;
				GCC_PREPROCESSOR_DEFINITIONS = (
					"DEBUG=1",
					"$(inherited)",
				);
				GCC_SYMBOLS_PRIVATE_EXTERN = NO;
				GCC_WARN_64_TO_32_BIT_CONVERSION = YES;
				GCC_WARN_ABOUT_RETURN_TYPE = YES_ERROR;
				GCC_WARN_UNDECLARED_SELECTOR = YES;
				GCC_WARN_UNINITIALIZED_AUTOS = YES_AGGRESSIVE;
				GCC_WARN_UNUSED_FUNCTION = YES;
				GCC_WARN_UNUSED_VARIABLE = YES;
				IPHONEOS_DEPLOYMENT_TARGET = 8.4;
				MTL_ENABLE_DEBUG_INFO = YES;
				ONLY_ACTIVE_ARCH = YES;
				SDKROOT = iphoneos;
				SWIFT_OPTIMIZATION_LEVEL = "-Onone";
				TARGETED_DEVICE_FAMILY = "1,2";
			};
			name = Debug;
		};
		D2B4C7001BE1CD6F00825938 /* Release */ = {
			isa = XCBuildConfiguration;
			buildSettings = {
				ALWAYS_SEARCH_USER_PATHS = NO;
				CLANG_CXX_LANGUAGE_STANDARD = "gnu++0x";
				CLANG_CXX_LIBRARY = "libc++";
				CLANG_ENABLE_MODULES = YES;
				CLANG_ENABLE_OBJC_ARC = YES;
				CLANG_WARN_BOOL_CONVERSION = YES;
				CLANG_WARN_CONSTANT_CONVERSION = YES;
				CLANG_WARN_DIRECT_OBJC_ISA_USAGE = YES_ERROR;
				CLANG_WARN_EMPTY_BODY = YES;
				CLANG_WARN_ENUM_CONVERSION = YES;
				CLANG_WARN_INT_CONVERSION = YES;
				CLANG_WARN_OBJC_ROOT_CLASS = YES_ERROR;
				CLANG_WARN_UNREACHABLE_CODE = YES;
				CLANG_WARN__DUPLICATE_METHOD_MATCH = YES;
				"CODE_SIGN_IDENTITY[sdk=iphoneos*]" = "iPhone Developer";
				COPY_PHASE_STRIP = NO;
				DEBUG_INFORMATION_FORMAT = "dwarf-with-dsym";
				ENABLE_NS_ASSERTIONS = NO;
				ENABLE_STRICT_OBJC_MSGSEND = YES;
				GCC_C_LANGUAGE_STANDARD = gnu99;
				GCC_NO_COMMON_BLOCKS = YES;
				GCC_WARN_64_TO_32_BIT_CONVERSION = YES;
				GCC_WARN_ABOUT_RETURN_TYPE = YES_ERROR;
				GCC_WARN_UNDECLARED_SELECTOR = YES;
				GCC_WARN_UNINITIALIZED_AUTOS = YES_AGGRESSIVE;
				GCC_WARN_UNUSED_FUNCTION = YES;
				GCC_WARN_UNUSED_VARIABLE = YES;
				IPHONEOS_DEPLOYMENT_TARGET = 8.4;
				MTL_ENABLE_DEBUG_INFO = NO;
				SDKROOT = iphoneos;
				TARGETED_DEVICE_FAMILY = "1,2";
				VALIDATE_PRODUCT = YES;
			};
			name = Release;
		};
		D2B4C7021BE1CD6F00825938 /* Debug */ = {
			isa = XCBuildConfiguration;
			buildSettings = {
				ASSETCATALOG_COMPILER_APPICON_NAME = AppIcon;
				INFOPLIST_FILE = "Control Fun/Info.plist";
				LD_RUNPATH_SEARCH_PATHS = "$(inherited) @executable_path/Frameworks";
				PRODUCT_NAME = "$(TARGET_NAME)";
			};
			name = Debug;
		};
		D2B4C7031BE1CD6F00825938 /* Release */ = {
			isa = XCBuildConfiguration;
			buildSettings = {
				ASSETCATALOG_COMPILER_APPICON_NAME = AppIcon;
				INFOPLIST_FILE = "Control Fun/Info.plist";
				LD_RUNPATH_SEARCH_PATHS = "$(inherited) @executable_path/Frameworks";
				PRODUCT_NAME = "$(TARGET_NAME)";
			};
			name = Release;
		};
		D2B4C7051BE1CD6F00825938 /* Debug */ = {
			isa = XCBuildConfiguration;
			buildSettings = {
				BUNDLE_LOADER = "$(TEST_HOST)";
				FRAMEWORK_SEARCH_PATHS = (
					"$(SDKROOT)/Developer/Library/Frameworks",
					"$(inherited)",
				);
				GCC_PREPROCESSOR_DEFINITIONS = (
					"DEBUG=1",
					"$(inherited)",
				);
				INFOPLIST_FILE = "Control FunTests/Info.plist";
				LD_RUNPATH_SEARCH_PATHS = "$(inherited) @executable_path/Frameworks @loader_path/Frameworks";
				PRODUCT_NAME = "$(TARGET_NAME)";
				TEST_HOST = "$(BUILT_PRODUCTS_DIR)/Control Fun.app/Control Fun";
			};
			name = Debug;
		};
		D2B4C7061BE1CD6F00825938 /* Release */ = {
			isa = XCBuildConfiguration;
			buildSettings = {
				BUNDLE_LOADER = "$(TEST_HOST)";
				FRAMEWORK_SEARCH_PATHS = (
					"$(SDKROOT)/Developer/Library/Frameworks",
					"$(inherited)",
				);
				INFOPLIST_FILE = "Control FunTests/Info.plist";
				LD_RUNPATH_SEARCH_PATHS = "$(inherited) @executable_path/Frameworks @loader_path/Frameworks";
				PRODUCT_NAME = "$(TARGET_NAME)";
				TEST_HOST = "$(BUILT_PRODUCTS_DIR)/Control Fun.app/Control Fun";
			};
			name = Release;
		};
/* End XCBuildConfiguration section */

/* Begin XCConfigurationList section */
		D2B4C6DD1BE1CD6E00825938 /* Build configuration list for PBXProject "Control Fun" */ = {
			isa = XCConfigurationList;
			buildConfigurations = (
				D2B4C6FF1BE1CD6F00825938 /* Debug */,
				D2B4C7001BE1CD6F00825938 /* Release */,
			);
			defaultConfigurationIsVisible = 0;
			defaultConfigurationName = Release;
		};
		D2B4C7011BE1CD6F00825938 /* Build configuration list for PBXNativeTarget "Control Fun" */ = {
			isa = XCConfigurationList;
			buildConfigurations = (
				D2B4C7021BE1CD6F00825938 /* Debug */,
				D2B4C7031BE1CD6F00825938 /* Release */,
			);
			defaultConfigurationIsVisible = 0;
		};
		D2B4C7041BE1CD6F00825938 /* Build configuration list for PBXNativeTarget "Control FunTests" */ = {
			isa = XCConfigurationList;
			buildConfigurations = (
				D2B4C7051BE1CD6F00825938 /* Debug */,
				D2B4C7061BE1CD6F00825938 /* Release */,
			);
			defaultConfigurationIsVisible = 0;
		};
/* End XCConfigurationList section */
	};
	rootObject = D2B4C6DA1BE1CD6E00825938 /* Project object */;
}
